
Microsoft Visual Studio Solution File, Format Version 12.00
# Visual Studio Version 17
VisualStudioVersion = 17.14.37314.3 d17.14
MinimumVisualStudioVersion = 10.0.40219.1
Project("{FAE04EC0-301F-11D3-BF4B-00C04F79EFBC}") = "VICTOR4080", "VICTOR4080\VICTOR4080.csproj", "{2AE11B04-3B77-41EC-A568-043F637A6F0D}"
EndProject
Global
	GlobalSection(SolutionConfigurationPlatforms) = preSolution
		Debug|Any CPU = Debug|Any CPU
		Release|Any CPU = Release|Any CPU
	EndGlobalSection
	GlobalSection(ProjectConfigurationPlatforms) = postSolution
		{2AE11B04-3B77-41EC-A568-043F637A6F0D}.Debug|Any CPU.ActiveCfg = Debug|Any CPU
		{2AE11B04-3B77-41EC-A568-043F637A6F0D}.Debug|Any CPU.Build.0 = Debug|Any CPU
		{2AE11B04-3B77-41EC-A568-043F637A6F0D}.Release|Any CPU.ActiveCfg = Release|Any CPU
		{2AE11B04-3B77-41EC-A568-043F637A6F0D}.Release|Any CPU.Build.0 = Release|Any CPU
	EndGlobalSection
	GlobalSection(SolutionProperties) = preSolution
		HideSolutionNode = FALSE
	EndGlobalSection
	GlobalSection(ExtensibilityGlobals) = postSolution
		SolutionGuid = {227B8389-6AC7-4CAE-8ABD-025B4CF73202}
	EndGlobalSection
EndGlobal
